// !$*UTF8*$!
{
	archiveVersion = 1;
	classes = {
	};
	objectVersion = 48;
	objects = {

/* Begin PBXBuildFile section */
		8405C0AF1FCBBCC5002E5F2C /* UIButton+CenterImageAndTitle.m in Sources */ = {isa = PBXBuildFile; fileRef = 8405C0AE1FCBBCC5002E5F2C /* UIButton+CenterImageAndTitle.m */; };
		8405C0B41FCBC207002E5F2C /* MainController.m in Sources */ = {isa = PBXBuildFile; fileRef = 8405C0B11FCBC207002E5F2C /* MainController.m */; };
		8405C0B71FCBC256002E5F2C /* NotHaveCase.m in Sources */ = {isa = PBXBuildFile; fileRef = 8405C0B61FCBC256002E5F2C /* NotHaveCase.m */; };
		8405C0BA1FCBC645002E5F2C /* ListCaseCell.m in Sources */ = {isa = PBXBuildFile; fileRef = 8405C0B91FCBC645002E5F2C /* ListCaseCell.m */; };
		8405C0BE1FCBDC89002E5F2C /* ListCaseModel.m in Sources */ = {isa = PBXBuildFile; fileRef = 8405C0BD1FCBDC89002E5F2C /* ListCaseModel.m */; };
		8405C0C11FCBE1CB002E5F2C /* MyMediationController.m in Sources */ = {isa = PBXBuildFile; fileRef = 8405C0C01FCBE1CB002E5F2C /* MyMediationController.m */; };
		8405C0C41FCBF5E7002E5F2C /* MyCaseController.m in Sources */ = {isa = PBXBuildFile; fileRef = 8405C0C31FCBF5E7002E5F2C /* MyCaseController.m */; };
		840BFD981FC6AE0F00F51468 /* Info.plist in Resources */ = {isa = PBXBuildFile; fileRef = 840BFD971FC6AE0F00F51468 /* Info.plist */; };
		840BFDA61FC6B18A00F51468 /* NSObject+DLSVP.m in Sources */ = {isa = PBXBuildFile; fileRef = 840BFDA51FC6B18A00F51468 /* NSObject+DLSVP.m */; };
		840BFDAA1FC6B46A00F51468 /* MyNav.m in Sources */ = {isa = PBXBuildFile; fileRef = 840BFDA81FC6B46A00F51468 /* MyNav.m */; };
		840BFE7F1FC6B75D00F51468 /* UIColor+CZAddition.m in Sources */ = {isa = PBXBuildFile; fileRef = 840BFE661FC6B75C00F51468 /* UIColor+CZAddition.m */; };
		840BFE801FC6B75D00F51468 /* UIView+CZAddition.m in Sources */ = {isa = PBXBuildFile; fileRef = 840BFE671FC6B75C00F51468 /* UIView+CZAddition.m */; };
		840BFE811FC6B75D00F51468 /* UIScreen+CZAddition.m in Sources */ = {isa = PBXBuildFile; fileRef = 840BFE6A1FC6B75C00F51468 /* UIScreen+CZAddition.m */; };
		840BFE871FC6B75D00F51468 /* UIViewController+CZAddition.m in Sources */ = {isa = PBXBuildFile; fileRef = 840BFE781FC6B75C00F51468 /* UIViewController+CZAddition.m */; };
		840BFE8F1FC6C90E00F51468 /* BaseController.m in Sources */ = {isa = PBXBuildFile; fileRef = 840BFE8E1FC6C90E00F51468 /* BaseController.m */; };
		840BFE9C1FC6CD1B00F51468 /* UIView_extra.m in Sources */ = {isa = PBXBuildFile; fileRef = 840BFE9A1FC6CD1A00F51468 /* UIView_extra.m */; };
		840BFE9D1FC6CD1B00F51468 /* LeftSlideViewController.m in Sources */ = {isa = PBXBuildFile; fileRef = 840BFE9B1FC6CD1A00F51468 /* LeftSlideViewController.m */; };
		840BFEA01FC6CE5700F51468 /* MyNavigationController.m in Sources */ = {isa = PBXBuildFile; fileRef = 840BFE9F1FC6CE5700F51468 /* MyNavigationController.m */; };
		840BFEA31FC6D73C00F51468 /* LeftList.plist in Resources */ = {isa = PBXBuildFile; fileRef = 840BFEA21FC6D73C00F51468 /* LeftList.plist */; };
		840BFEA81FC6DAE200F51468 /* LeftController.m in Sources */ = {isa = PBXBuildFile; fileRef = 840BFEA71FC6DAE200F51468 /* LeftController.m */; };
		840BFEAB1FC6DB2800F51468 /* SectionHeader.m in Sources */ = {isa = PBXBuildFile; fileRef = 840BFEAA1FC6DB2800F51468 /* SectionHeader.m */; };
		840E90101FCC193D00AFA482 /* UIView+SGFrame.m in Sources */ = {isa = PBXBuildFile; fileRef = 840E90041FCC193D00AFA482 /* UIView+SGFrame.m */; };
		840E90111FCC193D00AFA482 /* SGPageContentScrollView.m in Sources */ = {isa = PBXBuildFile; fileRef = 840E90061FCC193D00AFA482 /* SGPageContentScrollView.m */; };
		840E90121FCC193D00AFA482 /* SGPageContentView.m in Sources */ = {isa = PBXBuildFile; fileRef = 840E90071FCC193D00AFA482 /* SGPageContentView.m */; };
		840E90131FCC193D00AFA482 /* SGPageTitleView.m in Sources */ = {isa = PBXBuildFile; fileRef = 840E900B1FCC193D00AFA482 /* SGPageTitleView.m */; };
		840E90141FCC193D00AFA482 /* SGPageTitleViewConfigure.m in Sources */ = {isa = PBXBuildFile; fileRef = 840E900C1FCC193D00AFA482 /* SGPageTitleViewConfigure.m */; };
		840E901D1FCC20E400AFA482 /* BaseSubCaseController.m in Sources */ = {isa = PBXBuildFile; fileRef = 840E901C1FCC20E400AFA482 /* BaseSubCaseController.m */; };
		840E90201FCC211100AFA482 /* BaseSubCaseCell.m in Sources */ = {isa = PBXBuildFile; fileRef = 840E901F1FCC211100AFA482 /* BaseSubCaseCell.m */; };
		84FC960A1FC55B3D00DEBDA2 /* AppDelegate.m in Sources */ = {isa = PBXBuildFile; fileRef = 84FC96091FC55B3D00DEBDA2 /* AppDelegate.m */; };
		84FC96101FC55B3D00DEBDA2 /* Main.storyboard in Resources */ = {isa = PBXBuildFile; fileRef = 84FC960E1FC55B3D00DEBDA2 /* Main.storyboard */; };
		84FC96121FC55B3D00DEBDA2 /* Assets.xcassets in Resources */ = {isa = PBXBuildFile; fileRef = 84FC96111FC55B3D00DEBDA2 /* Assets.xcassets */; };
		84FC96151FC55B3D00DEBDA2 /* LaunchScreen.storyboard in Resources */ = {isa = PBXBuildFile; fileRef = 84FC96131FC55B3D00DEBDA2 /* LaunchScreen.storyboard */; };
		84FC96181FC55B3D00DEBDA2 /* main.m in Sources */ = {isa = PBXBuildFile; fileRef = 84FC96171FC55B3D00DEBDA2 /* main.m */; };
		84FC96221FC55B3D00DEBDA2 /* LawsuitTests.m in Sources */ = {isa = PBXBuildFile; fileRef = 84FC96211FC55B3D00DEBDA2 /* LawsuitTests.m */; };
		84FC962D1FC55B3D00DEBDA2 /* LawsuitUITests.m in Sources */ = {isa = PBXBuildFile; fileRef = 84FC962C1FC55B3D00DEBDA2 /* LawsuitUITests.m */; };
		BF909A3F849711AFB826CFC3 /* libPods-Lawsuit.a in Frameworks */ = {isa = PBXBuildFile; fileRef = B38F14878093BC9EEBA43890 /* libPods-Lawsuit.a */; };
/* End PBXBuildFile section */

/* Begin PBXContainerItemProxy section */
		84FC961E1FC55B3D00DEBDA2 /* PBXContainerItemProxy */ = {
			isa = PBXContainerItemProxy;
			containerPortal = 84FC95FD1FC55B3D00DEBDA2 /* Project object */;
			proxyType = 1;
			remoteGlobalIDString = 84FC96041FC55B3D00DEBDA2;
			remoteInfo = Lawsuit;
		};
		84FC96291FC55B3D00DEBDA2 /* PBXContainerItemProxy */ = {
			isa = PBXContainerItemProxy;
			containerPortal = 84FC95FD1FC55B3D00DEBDA2 /* Project object */;
			proxyType = 1;
			remoteGlobalIDString = 84FC96041FC55B3D00DEBDA2;
			remoteInfo = Lawsuit;
		};
/* End PBXContainerItemProxy section */

/* Begin PBXFileReference section */
		29C4BB8A79464189CC717EB2 /* Pods-Lawsuit.release.xcconfig */ = {isa = PBXFileReference; includeInIndex = 1; lastKnownFileType = text.xcconfig; name = "Pods-Lawsuit.release.xcconfig"; path = "Pods/Target Support Files/Pods-Lawsuit/Pods-Lawsuit.release.xcconfig"; sourceTree = "<group>"; };
		3D1BD50C1D0E046AF3B00111 /* Pods-Lawsuit.debug.xcconfig */ = {isa = PBXFileReference; includeInIndex = 1; lastKnownFileType = text.xcconfig; name = "Pods-Lawsuit.debug.xcconfig"; path = "Pods/Target Support Files/Pods-Lawsuit/Pods-Lawsuit.debug.xcconfig"; sourceTree = "<group>"; };
		8405C0AD1FCBBCC5002E5F2C /* UIButton+CenterImageAndTitle.h */ = {isa = PBXFileReference; fileEncoding = 4; lastKnownFileType = sourcecode.c.h; path = "UIButton+CenterImageAndTitle.h"; sourceTree = "<group>"; };
		8405C0AE1FCBBCC5002E5F2C /* UIButton+CenterImageAndTitle.m */ = {isa = PBXFileReference; fileEncoding = 4; lastKnownFileType = sourcecode.c.objc; path = "UIButton+CenterImageAndTitle.m"; sourceTree = "<group>"; };
		8405C0B11FCBC207002E5F2C /* MainController.m */ = {isa = PBXFileReference; fileEncoding = 4; lastKnownFileType = sourcecode.c.objc; path = MainController.m; sourceTree = "<group>"; };
		8405C0B21FCBC207002E5F2C /* MainController.h */ = {isa = PBXFileReference; fileEncoding = 4; lastKnownFileType = sourcecode.c.h; path = MainController.h; sourceTree = "<group>"; };
		8405C0B51FCBC256002E5F2C /* NotHaveCase.h */ = {isa = PBXFileReference; lastKnownFileType = sourcecode.c.h; path = NotHaveCase.h; sourceTree = "<group>"; };
		8405C0B61FCBC256002E5F2C /* NotHaveCase.m */ = {isa = PBXFileReference; lastKnownFileType = sourcecode.c.objc; path = NotHaveCase.m; sourceTree = "<group>"; };
		8405C0B81FCBC645002E5F2C /* ListCaseCell.h */ = {isa = PBXFileReference; lastKnownFileType = sourcecode.c.h; path = ListCaseCell.h; sourceTree = "<group>"; };
		8405C0B91FCBC645002E5F2C /* ListCaseCell.m */ = {isa = PBXFileReference; lastKnownFileType = sourcecode.c.objc; path = ListCaseCell.m; sourceTree = "<group>"; };
		8405C0BC1FCBDC89002E5F2C /* ListCaseModel.h */ = {isa = PBXFileReference; lastKnownFileType = sourcecode.c.h; path = ListCaseModel.h; sourceTree = "<group>"; };
		8405C0BD1FCBDC89002E5F2C /* ListCaseModel.m */ = {isa = PBXFileReference; lastKnownFileType = sourcecode.c.objc; path = ListCaseModel.m; sourceTree = "<group>"; };
		8405C0BF1FCBE1CB002E5F2C /* MyMediationController.h */ = {isa = PBXFileReference; lastKnownFileType = sourcecode.c.h; path = MyMediationController.h; sourceTree = "<group>"; };
		8405C0C01FCBE1CB002E5F2C /* MyMediationController.m */ = {isa = PBXFileReference; lastKnownFileType = sourcecode.c.objc; path = MyMediationController.m; sourceTree = "<group>"; };
		8405C0C21FCBF5E7002E5F2C /* MyCaseController.h */ = {isa = PBXFileReference; lastKnownFileType = sourcecode.c.h; path = MyCaseController.h; sourceTree = "<group>"; };
		8405C0C31FCBF5E7002E5F2C /* MyCaseController.m */ = {isa = PBXFileReference; lastKnownFileType = sourcecode.c.objc; path = MyCaseController.m; sourceTree = "<group>"; };
		840BFD971FC6AE0F00F51468 /* Info.plist */ = {isa = PBXFileReference; fileEncoding = 4; lastKnownFileType = text.plist.xml; path = Info.plist; sourceTree = "<group>"; };
		840BFDA21FC6B08900F51468 /* AppMacro.h */ = {isa = PBXFileReference; lastKnownFileType = sourcecode.c.h; path = AppMacro.h; sourceTree = "<group>"; };
		840BFDA31FC6B0A400F51468 /* NotificationMacro.h */ = {isa = PBXFileReference; lastKnownFileType = sourcecode.c.h; path = NotificationMacro.h; sourceTree = "<group>"; };
		840BFDA41FC6B18A00F51468 /* NSObject+DLSVP.h */ = {isa = PBXFileReference; fileEncoding = 4; lastKnownFileType = sourcecode.c.h; path = "NSObject+DLSVP.h"; sourceTree = "<group>"; };
		840BFDA51FC6B18A00F51468 /* NSObject+DLSVP.m */ = {isa = PBXFileReference; fileEncoding = 4; lastKnownFileType = sourcecode.c.objc; path = "NSObject+DLSVP.m"; sourceTree = "<group>"; };
		840BFDA71FC6B22900F51468 /* Lawsuit.pch */ = {isa = PBXFileReference; lastKnownFileType = sourcecode.c.h; path = Lawsuit.pch; sourceTree = "<group>"; };
		840BFDA81FC6B46A00F51468 /* MyNav.m */ = {isa = PBXFileReference; fileEncoding = 4; lastKnownFileType = sourcecode.c.objc; path = MyNav.m; sourceTree = "<group>"; };
		840BFDA91FC6B46A00F51468 /* MyNav.h */ = {isa = PBXFileReference; fileEncoding = 4; lastKnownFileType = sourcecode.c.h; path = MyNav.h; sourceTree = "<group>"; };
		840BFE661FC6B75C00F51468 /* UIColor+CZAddition.m */ = {isa = PBXFileReference; fileEncoding = 4; lastKnownFileType = sourcecode.c.objc; path = "UIColor+CZAddition.m"; sourceTree = "<group>"; };
		840BFE671FC6B75C00F51468 /* UIView+CZAddition.m */ = {isa = PBXFileReference; fileEncoding = 4; lastKnownFileType = sourcecode.c.objc; path = "UIView+CZAddition.m"; sourceTree = "<group>"; };
		840BFE6A1FC6B75C00F51468 /* UIScreen+CZAddition.m */ = {isa = PBXFileReference; fileEncoding = 4; lastKnownFileType = sourcecode.c.objc; path = "UIScreen+CZAddition.m"; sourceTree = "<group>"; };
		840BFE6B1FC6B75C00F51468 /* UIViewController+CZAddition.h */ = {isa = PBXFileReference; fileEncoding = 4; lastKnownFileType = sourcecode.c.h; path = "UIViewController+CZAddition.h"; sourceTree = "<group>"; };
		840BFE731FC6B75C00F51468 /* UIView+CZAddition.h */ = {isa = PBXFileReference; fileEncoding = 4; lastKnownFileType = sourcecode.c.h; path = "UIView+CZAddition.h"; sourceTree = "<group>"; };
		840BFE741FC6B75C00F51468 /* UIColor+CZAddition.h */ = {isa = PBXFileReference; fileEncoding = 4; lastKnownFileType = sourcecode.c.h; path = "UIColor+CZAddition.h"; sourceTree = "<group>"; };
		840BFE781FC6B75C00F51468 /* UIViewController+CZAddition.m */ = {isa = PBXFileReference; fileEncoding = 4; lastKnownFileType = sourcecode.c.objc; path = "UIViewController+CZAddition.m"; sourceTree = "<group>"; };
		840BFE7B1FC6B75C00F51468 /* CZAdditions.h */ = {isa = PBXFileReference; fileEncoding = 4; lastKnownFileType = sourcecode.c.h; path = CZAdditions.h; sourceTree = "<group>"; };
		840BFE8B1FC6B7EB00F51468 /* UIScreen+CZAddition.h */ = {isa = PBXFileReference; fileEncoding = 4; lastKnownFileType = sourcecode.c.h; path = "UIScreen+CZAddition.h"; sourceTree = "<group>"; };
		840BFE8C1FC6B97700F51468 /* common.h */ = {isa = PBXFileReference; fileEncoding = 4; lastKnownFileType = sourcecode.c.h; path = common.h; sourceTree = "<group>"; };
		840BFE8D1FC6C90E00F51468 /* BaseController.h */ = {isa = PBXFileReference; lastKnownFileType = sourcecode.c.h; path = BaseController.h; sourceTree = "<group>"; };
		840BFE8E1FC6C90E00F51468 /* BaseController.m */ = {isa = PBXFileReference; lastKnownFileType = sourcecode.c.objc; path = BaseController.m; sourceTree = "<group>"; };
		840BFE981FC6CD1A00F51468 /* LeftSlideViewController.h */ = {isa = PBXFileReference; fileEncoding = 4; lastKnownFileType = sourcecode.c.h; path = LeftSlideViewController.h; sourceTree = "<group>"; };
		840BFE991FC6CD1A00F51468 /* UIView_extra.h */ = {isa = PBXFileReference; fileEncoding = 4; lastKnownFileType = sourcecode.c.h; path = UIView_extra.h; sourceTree = "<group>"; };
		840BFE9A1FC6CD1A00F51468 /* UIView_extra.m */ = {isa = PBXFileReference; fileEncoding = 4; lastKnownFileType = sourcecode.c.objc; path = UIView_extra.m; sourceTree = "<group>"; };
		840BFE9B1FC6CD1A00F51468 /* LeftSlideViewController.m */ = {isa = PBXFileReference; fileEncoding = 4; lastKnownFileType = sourcecode.c.objc; path = LeftSlideViewController.m; sourceTree = "<group>"; };
		840BFE9E1FC6CE5700F51468 /* MyNavigationController.h */ = {isa = PBXFileReference; lastKnownFileType = sourcecode.c.h; path = MyNavigationController.h; sourceTree = "<group>"; };
		840BFE9F1FC6CE5700F51468 /* MyNavigationController.m */ = {isa = PBXFileReference; lastKnownFileType = sourcecode.c.objc; path = MyNavigationController.m; sourceTree = "<group>"; };
		840BFEA21FC6D73C00F51468 /* LeftList.plist */ = {isa = PBXFileReference; lastKnownFileType = text.plist.xml; path = LeftList.plist; sourceTree = "<group>"; };
		840BFEA61FC6DAE200F51468 /* LeftController.h */ = {isa = PBXFileReference; fileEncoding = 4; lastKnownFileType = sourcecode.c.h; path = LeftController.h; sourceTree = "<group>"; };
		840BFEA71FC6DAE200F51468 /* LeftController.m */ = {isa = PBXFileReference; fileEncoding = 4; lastKnownFileType = sourcecode.c.objc; path = LeftController.m; sourceTree = "<group>"; };
		840BFEA91FC6DB2800F51468 /* SectionHeader.h */ = {isa = PBXFileReference; lastKnownFileType = sourcecode.c.h; path = SectionHeader.h; sourceTree = "<group>"; };
		840BFEAA1FC6DB2800F51468 /* SectionHeader.m */ = {isa = PBXFileReference; lastKnownFileType = sourcecode.c.objc; path = SectionHeader.m; sourceTree = "<group>"; };
		840E90031FCC193D00AFA482 /* UIView+SGFrame.h */ = {isa = PBXFileReference; fileEncoding = 4; lastKnownFileType = sourcecode.c.h; path = "UIView+SGFrame.h"; sourceTree = "<group>"; };
		840E90041FCC193D00AFA482 /* UIView+SGFrame.m */ = {isa = PBXFileReference; fileEncoding = 4; lastKnownFileType = sourcecode.c.objc; path = "UIView+SGFrame.m"; sourceTree = "<group>"; };
		840E90061FCC193D00AFA482 /* SGPageContentScrollView.m */ = {isa = PBXFileReference; fileEncoding = 4; lastKnownFileType = sourcecode.c.objc; path = SGPageContentScrollView.m; sourceTree = "<group>"; };
		840E90071FCC193D00AFA482 /* SGPageContentView.m */ = {isa = PBXFileReference; fileEncoding = 4; lastKnownFileType = sourcecode.c.objc; path = SGPageContentView.m; sourceTree = "<group>"; };
		840E90081FCC193D00AFA482 /* SGPageContentScrollView.h */ = {isa = PBXFileReference; fileEncoding = 4; lastKnownFileType = sourcecode.c.h; path = SGPageContentScrollView.h; sourceTree = "<group>"; };
		840E90091FCC193D00AFA482 /* SGPageContentView.h */ = {isa = PBXFileReference; fileEncoding = 4; lastKnownFileType = sourcecode.c.h; path = SGPageContentView.h; sourceTree = "<group>"; };
		840E900B1FCC193D00AFA482 /* SGPageTitleView.m */ = {isa = PBXFileReference; fileEncoding = 4; lastKnownFileType = sourcecode.c.objc; path = SGPageTitleView.m; sourceTree = "<group>"; };
		840E900C1FCC193D00AFA482 /* SGPageTitleViewConfigure.m */ = {isa = PBXFileReference; fileEncoding = 4; lastKnownFileType = sourcecode.c.objc; path = SGPageTitleViewConfigure.m; sourceTree = "<group>"; };
		840E900D1FCC193D00AFA482 /* SGPageTitleViewConfigure.h */ = {isa = PBXFileReference; fileEncoding = 4; lastKnownFileType = sourcecode.c.h; path = SGPageTitleViewConfigure.h; sourceTree = "<group>"; };
		840E900E1FCC193D00AFA482 /* SGPageTitleView.h */ = {isa = PBXFileReference; fileEncoding = 4; lastKnownFileType = sourcecode.c.h; path = SGPageTitleView.h; sourceTree = "<group>"; };
		840E900F1FCC193D00AFA482 /* SGPagingView.h */ = {isa = PBXFileReference; fileEncoding = 4; lastKnownFileType = sourcecode.c.h; path = SGPagingView.h; sourceTree = "<group>"; };
		840E901B1FCC20E400AFA482 /* BaseSubCaseController.h */ = {isa = PBXFileReference; lastKnownFileType = sourcecode.c.h; path = BaseSubCaseController.h; sourceTree = "<group>"; };
		840E901C1FCC20E400AFA482 /* BaseSubCaseController.m */ = {isa = PBXFileReference; lastKnownFileType = sourcecode.c.objc; path = BaseSubCaseController.m; sourceTree = "<group>"; };
		840E901E1FCC211100AFA482 /* BaseSubCaseCell.h */ = {isa = PBXFileReference; lastKnownFileType = sourcecode.c.h; path = BaseSubCaseCell.h; sourceTree = "<group>"; };
		840E901F1FCC211100AFA482 /* BaseSubCaseCell.m */ = {isa = PBXFileReference; lastKnownFileType = sourcecode.c.objc; path = BaseSubCaseCell.m; sourceTree = "<group>"; };
		84FC96051FC55B3D00DEBDA2 /* Lawsuit.app */ = {isa = PBXFileReference; explicitFileType = wrapper.application; includeInIndex = 0; path = Lawsuit.app; sourceTree = BUILT_PRODUCTS_DIR; };
		84FC96081FC55B3D00DEBDA2 /* AppDelegate.h */ = {isa = PBXFileReference; lastKnownFileType = sourcecode.c.h; path = AppDelegate.h; sourceTree = "<group>"; };
		84FC96091FC55B3D00DEBDA2 /* AppDelegate.m */ = {isa = PBXFileReference; lastKnownFileType = sourcecode.c.objc; path = AppDelegate.m; sourceTree = "<group>"; };
		84FC960F1FC55B3D00DEBDA2 /* Base */ = {isa = PBXFileReference; lastKnownFileType = file.storyboard; name = Base; path = Base.lproj/Main.storyboard; sourceTree = "<group>"; };
		84FC96111FC55B3D00DEBDA2 /* Assets.xcassets */ = {isa = PBXFileReference; lastKnownFileType = folder.assetcatalog; path = Assets.xcassets; sourceTree = "<group>"; };
		84FC96141FC55B3D00DEBDA2 /* Base */ = {isa = PBXFileReference; lastKnownFileType = file.storyboard; name = Base; path = Base.lproj/LaunchScreen.storyboard; sourceTree = "<group>"; };
		84FC96171FC55B3D00DEBDA2 /* main.m */ = {isa = PBXFileReference; lastKnownFileType = sourcecode.c.objc; path = main.m; sourceTree = "<group>"; };
		84FC961D1FC55B3D00DEBDA2 /* LawsuitTests.xctest */ = {isa = PBXFileReference; explicitFileType = wrapper.cfbundle; includeInIndex = 0; path = LawsuitTests.xctest; sourceTree = BUILT_PRODUCTS_DIR; };
		84FC96211FC55B3D00DEBDA2 /* LawsuitTests.m */ = {isa = PBXFileReference; lastKnownFileType = sourcecode.c.objc; path = LawsuitTests.m; sourceTree = "<group>"; };
		84FC96231FC55B3D00DEBDA2 /* Info.plist */ = {isa = PBXFileReference; lastKnownFileType = text.plist.xml; path = Info.plist; sourceTree = "<group>"; };
		84FC96281FC55B3D00DEBDA2 /* LawsuitUITests.xctest */ = {isa = PBXFileReference; explicitFileType = wrapper.cfbundle; includeInIndex = 0; path = LawsuitUITests.xctest; sourceTree = BUILT_PRODUCTS_DIR; };
		84FC962C1FC55B3D00DEBDA2 /* LawsuitUITests.m */ = {isa = PBXFileReference; lastKnownFileType = sourcecode.c.objc; path = LawsuitUITests.m; sourceTree = "<group>"; };
		84FC962E1FC55B3D00DEBDA2 /* Info.plist */ = {isa = PBXFileReference; lastKnownFileType = text.plist.xml; path = Info.plist; sourceTree = "<group>"; };
		B38F14878093BC9EEBA43890 /* libPods-Lawsuit.a */ = {isa = PBXFileReference; explicitFileType = archive.ar; includeInIndex = 0; path = "libPods-Lawsuit.a"; sourceTree = BUILT_PRODUCTS_DIR; };
/* End PBXFileReference section */

/* Begin PBXFrameworksBuildPhase section */
		84FC96021FC55B3D00DEBDA2 /* Frameworks */ = {
			isa = PBXFrameworksBuildPhase;
			buildActionMask = 2147483647;
			files = (
				BF909A3F849711AFB826CFC3 /* libPods-Lawsuit.a in Frameworks */,
			);
			runOnlyForDeploymentPostprocessing = 0;
		};
		84FC961A1FC55B3D00DEBDA2 /* Frameworks */ = {
			isa = PBXFrameworksBuildPhase;
			buildActionMask = 2147483647;
			files = (
			);
			runOnlyForDeploymentPostprocessing = 0;
		};
		84FC96251FC55B3D00DEBDA2 /* Frameworks */ = {
			isa = PBXFrameworksBuildPhase;
			buildActionMask = 2147483647;
			files = (
			);
			runOnlyForDeploymentPostprocessing = 0;
		};
/* End PBXFrameworksBuildPhase section */

/* Begin PBXGroup section */
		356EFD933FEDC392DAB3548D /* Frameworks */ = {
			isa = PBXGroup;
			children = (
				B38F14878093BC9EEBA43890 /* libPods-Lawsuit.a */,
			);
			name = Frameworks;
			sourceTree = "<group>";
		};
		8405C0B01FCBC207002E5F2C /* VC */ = {
			isa = PBXGroup;
			children = (
				8405C0B21FCBC207002E5F2C /* MainController.h */,
				8405C0B11FCBC207002E5F2C /* MainController.m */,
				8405C0BF1FCBE1CB002E5F2C /* MyMediationController.h */,
				8405C0C01FCBE1CB002E5F2C /* MyMediationController.m */,
				8405C0C21FCBF5E7002E5F2C /* MyCaseController.h */,
				8405C0C31FCBF5E7002E5F2C /* MyCaseController.m */,
				840E90181FCC207500AFA482 /* SubCaseVC */,
			);
			path = VC;
			sourceTree = "<group>";
		};
		8405C0B31FCBC207002E5F2C /* View */ = {
			isa = PBXGroup;
			children = (
				840E90191FCC209F00AFA482 /* SubCaseView */,
				8405C0B51FCBC256002E5F2C /* NotHaveCase.h */,
				8405C0B61FCBC256002E5F2C /* NotHaveCase.m */,
				8405C0B81FCBC645002E5F2C /* ListCaseCell.h */,
				8405C0B91FCBC645002E5F2C /* ListCaseCell.m */,
			);
			path = View;
			sourceTree = "<group>";
		};
		8405C0BB1FCBDC77002E5F2C /* Model */ = {
			isa = PBXGroup;
			children = (
				840E901A1FCC20BE00AFA482 /* SubCaseModel */,
				8405C0BC1FCBDC89002E5F2C /* ListCaseModel.h */,
				8405C0BD1FCBDC89002E5F2C /* ListCaseModel.m */,
			);
			path = Model;
			sourceTree = "<group>";
		};
		840BFD951FC6AE0F00F51468 /* Resource */ = {
			isa = PBXGroup;
			children = (
				840BFD961FC6AE0F00F51468 /* Images */,
				840BFD971FC6AE0F00F51468 /* Info.plist */,
				840BFDA71FC6B22900F51468 /* Lawsuit.pch */,
			);
			path = Resource;
			sourceTree = "<group>";
		};
		840BFD961FC6AE0F00F51468 /* Images */ = {
			isa = PBXGroup;
			children = (
			);
			path = Images;
			sourceTree = "<group>";
		};
		840BFD991FC6AFA500F51468 /* Class */ = {
			isa = PBXGroup;
			children = (
				840BFD9B1FC6AFA500F51468 /* Section */,
				840BFDA01FC6AFA500F51468 /* Macro */,
				840BFD9F1FC6AFA500F51468 /* Category */,
				840BFDA11FC6AFA500F51468 /* Helper */,
				840BFD9A1FC6AFA500F51468 /* Vendors */,
			);
			path = Class;
			sourceTree = "<group>";
		};
		840BFD9A1FC6AFA500F51468 /* Vendors */ = {
			isa = PBXGroup;
			children = (
				840E90011FCC193D00AFA482 /* SGPagingView */,
				840BFE971FC6CD1A00F51468 /* LeftSlideViewController */,
			);
			path = Vendors;
			sourceTree = "<group>";
		};
		840BFD9B1FC6AFA500F51468 /* Section */ = {
			isa = PBXGroup;
			children = (
				840BFEA11FC6D71400F51468 /* Other */,
				840BFE961FC6C95F00F51468 /* Login */,
				840BFD9E1FC6AFA500F51468 /* Base */,
				840BFD9D1FC6AFA500F51468 /* Main */,
				840BFD9C1FC6AFA500F51468 /* Left */,
			);
			path = Section;
			sourceTree = "<group>";
		};
		840BFD9C1FC6AFA500F51468 /* Left */ = {
			isa = PBXGroup;
			children = (
				840BFEA51FC6DAE200F51468 /* VC */,
				840BFEA41FC6DAE200F51468 /* View */,
			);
			path = Left;
			sourceTree = "<group>";
		};
		840BFD9D1FC6AFA500F51468 /* Main */ = {
			isa = PBXGroup;
			children = (
				840E8FFE1FCC03A000AFA482 /* Other */,
				8405C0BB1FCBDC77002E5F2C /* Model */,
				8405C0B01FCBC207002E5F2C /* VC */,
				8405C0B31FCBC207002E5F2C /* View */,
			);
			path = Main;
			sourceTree = "<group>";
		};
		840BFD9E1FC6AFA500F51468 /* Base */ = {
			isa = PBXGroup;
			children = (
				840BFE8D1FC6C90E00F51468 /* BaseController.h */,
				840BFE8E1FC6C90E00F51468 /* BaseController.m */,
				840BFE9E1FC6CE5700F51468 /* MyNavigationController.h */,
				840BFE9F1FC6CE5700F51468 /* MyNavigationController.m */,
			);
			path = Base;
			sourceTree = "<group>";
		};
		840BFD9F1FC6AFA500F51468 /* Category */ = {
			isa = PBXGroup;
			children = (
				840BFE651FC6B75C00F51468 /* Additions */,
			);
			path = Category;
			sourceTree = "<group>";
		};
		840BFDA01FC6AFA500F51468 /* Macro */ = {
			isa = PBXGroup;
			children = (
				840BFE8C1FC6B97700F51468 /* common.h */,
				840BFDA21FC6B08900F51468 /* AppMacro.h */,
				840BFDA31FC6B0A400F51468 /* NotificationMacro.h */,
			);
			path = Macro;
			sourceTree = "<group>";
		};
		840BFDA11FC6AFA500F51468 /* Helper */ = {
			isa = PBXGroup;
			children = (
				840BFDA91FC6B46A00F51468 /* MyNav.h */,
				840BFDA81FC6B46A00F51468 /* MyNav.m */,
				840BFDA41FC6B18A00F51468 /* NSObject+DLSVP.h */,
				840BFDA51FC6B18A00F51468 /* NSObject+DLSVP.m */,
			);
			path = Helper;
			sourceTree = "<group>";
		};
		840BFE651FC6B75C00F51468 /* Additions */ = {
			isa = PBXGroup;
			children = (
				8405C0AD1FCBBCC5002E5F2C /* UIButton+CenterImageAndTitle.h */,
				8405C0AE1FCBBCC5002E5F2C /* UIButton+CenterImageAndTitle.m */,
				840BFE741FC6B75C00F51468 /* UIColor+CZAddition.h */,
				840BFE661FC6B75C00F51468 /* UIColor+CZAddition.m */,
				840BFE731FC6B75C00F51468 /* UIView+CZAddition.h */,
				840BFE671FC6B75C00F51468 /* UIView+CZAddition.m */,
				840BFE8B1FC6B7EB00F51468 /* UIScreen+CZAddition.h */,
				840BFE6A1FC6B75C00F51468 /* UIScreen+CZAddition.m */,
				840BFE6B1FC6B75C00F51468 /* UIViewController+CZAddition.h */,
				840BFE781FC6B75C00F51468 /* UIViewController+CZAddition.m */,
				840BFE7B1FC6B75C00F51468 /* CZAdditions.h */,
			);
			path = Additions;
			sourceTree = "<group>";
		};
		840BFE961FC6C95F00F51468 /* Login */ = {
			isa = PBXGroup;
			children = (
			);
			path = Login;
			sourceTree = "<group>";
		};
		840BFE971FC6CD1A00F51468 /* LeftSlideViewController */ = {
			isa = PBXGroup;
			children = (
				840BFE981FC6CD1A00F51468 /* LeftSlideViewController.h */,
				840BFE991FC6CD1A00F51468 /* UIView_extra.h */,
				840BFE9A1FC6CD1A00F51468 /* UIView_extra.m */,
				840BFE9B1FC6CD1A00F51468 /* LeftSlideViewController.m */,
			);
			path = LeftSlideViewController;
			sourceTree = "<group>";
		};
		840BFEA11FC6D71400F51468 /* Other */ = {
			isa = PBXGroup;
			children = (
				840BFEA21FC6D73C00F51468 /* LeftList.plist */,
			);
			path = Other;
			sourceTree = "<group>";
		};
		840BFEA41FC6DAE200F51468 /* View */ = {
			isa = PBXGroup;
			children = (
				840BFEA91FC6DB2800F51468 /* SectionHeader.h */,
				840BFEAA1FC6DB2800F51468 /* SectionHeader.m */,
			);
			path = View;
			sourceTree = "<group>";
		};
		840BFEA51FC6DAE200F51468 /* VC */ = {
			isa = PBXGroup;
			children = (
				840BFEA61FC6DAE200F51468 /* LeftController.h */,
				840BFEA71FC6DAE200F51468 /* LeftController.m */,
			);
			path = VC;
			sourceTree = "<group>";
		};
		840E8FFE1FCC03A000AFA482 /* Other */ = {
			isa = PBXGroup;
			children = (
			);
			path = Other;
			sourceTree = "<group>";
		};
		840E90011FCC193D00AFA482 /* SGPagingView */ = {
			isa = PBXGroup;
			children = (
				840E90021FCC193D00AFA482 /* Category */,
				840E90051FCC193D00AFA482 /* SGPageContent */,
				840E900A1FCC193D00AFA482 /* SGPageTitle */,
				840E900F1FCC193D00AFA482 /* SGPagingView.h */,
			);
			path = SGPagingView;
			sourceTree = "<group>";
		};
		840E90021FCC193D00AFA482 /* Category */ = {
			isa = PBXGroup;
			children = (
				840E90031FCC193D00AFA482 /* UIView+SGFrame.h */,
				840E90041FCC193D00AFA482 /* UIView+SGFrame.m */,
			);
			path = Category;
			sourceTree = "<group>";
		};
		840E90051FCC193D00AFA482 /* SGPageContent */ = {
			isa = PBXGroup;
			children = (
				840E90061FCC193D00AFA482 /* SGPageContentScrollView.m */,
				840E90071FCC193D00AFA482 /* SGPageContentView.m */,
				840E90081FCC193D00AFA482 /* SGPageContentScrollView.h */,
				840E90091FCC193D00AFA482 /* SGPageContentView.h */,
			);
			path = SGPageContent;
			sourceTree = "<group>";
		};
		840E900A1FCC193D00AFA482 /* SGPageTitle */ = {
			isa = PBXGroup;
			children = (
				840E900B1FCC193D00AFA482 /* SGPageTitleView.m */,
				840E900C1FCC193D00AFA482 /* SGPageTitleViewConfigure.m */,
				840E900D1FCC193D00AFA482 /* SGPageTitleViewConfigure.h */,
				840E900E1FCC193D00AFA482 /* SGPageTitleView.h */,
			);
			path = SGPageTitle;
			sourceTree = "<group>";
		};
		840E90181FCC207500AFA482 /* SubCaseVC */ = {
			isa = PBXGroup;
			children = (
				840E901B1FCC20E400AFA482 /* BaseSubCaseController.h */,
				840E901C1FCC20E400AFA482 /* BaseSubCaseController.m */,
			);
			path = SubCaseVC;
			sourceTree = "<group>";
		};
		840E90191FCC209F00AFA482 /* SubCaseView */ = {
			isa = PBXGroup;
			children = (
				840E901E1FCC211100AFA482 /* BaseSubCaseCell.h */,
				840E901F1FCC211100AFA482 /* BaseSubCaseCell.m */,
			);
			path = SubCaseView;
			sourceTree = "<group>";
		};
		840E901A1FCC20BE00AFA482 /* SubCaseModel */ = {
			isa = PBXGroup;
			children = (
			);
			path = SubCaseModel;
			sourceTree = "<group>";
		};
		84FC95FC1FC55B3D00DEBDA2 = {
			isa = PBXGroup;
			children = (
				84FC96071FC55B3D00DEBDA2 /* Lawsuit */,
				84FC96201FC55B3D00DEBDA2 /* LawsuitTests */,
				84FC962B1FC55B3D00DEBDA2 /* LawsuitUITests */,
				84FC96061FC55B3D00DEBDA2 /* Products */,
				ECCEACCB62E6FFA96D0EBA9B /* Pods */,
				356EFD933FEDC392DAB3548D /* Frameworks */,
			);
			sourceTree = "<group>";
		};
		84FC96061FC55B3D00DEBDA2 /* Products */ = {
			isa = PBXGroup;
			children = (
				84FC96051FC55B3D00DEBDA2 /* Lawsuit.app */,
				84FC961D1FC55B3D00DEBDA2 /* LawsuitTests.xctest */,
				84FC96281FC55B3D00DEBDA2 /* LawsuitUITests.xctest */,
			);
			name = Products;
			sourceTree = "<group>";
		};
		84FC96071FC55B3D00DEBDA2 /* Lawsuit */ = {
			isa = PBXGroup;
			children = (
				840BFD991FC6AFA500F51468 /* Class */,
				84FC96081FC55B3D00DEBDA2 /* AppDelegate.h */,
				84FC96091FC55B3D00DEBDA2 /* AppDelegate.m */,
				84FC960E1FC55B3D00DEBDA2 /* Main.storyboard */,
				84FC96111FC55B3D00DEBDA2 /* Assets.xcassets */,
				84FC96131FC55B3D00DEBDA2 /* LaunchScreen.storyboard */,
				840BFD951FC6AE0F00F51468 /* Resource */,
				84FC96171FC55B3D00DEBDA2 /* main.m */,
			);
			path = Lawsuit;
			sourceTree = "<group>";
		};
		84FC96201FC55B3D00DEBDA2 /* LawsuitTests */ = {
			isa = PBXGroup;
			children = (
				84FC96211FC55B3D00DEBDA2 /* LawsuitTests.m */,
				84FC96231FC55B3D00DEBDA2 /* Info.plist */,
			);
			path = LawsuitTests;
			sourceTree = "<group>";
		};
		84FC962B1FC55B3D00DEBDA2 /* LawsuitUITests */ = {
			isa = PBXGroup;
			children = (
				84FC962C1FC55B3D00DEBDA2 /* LawsuitUITests.m */,
				84FC962E1FC55B3D00DEBDA2 /* Info.plist */,
			);
			path = LawsuitUITests;
			sourceTree = "<group>";
		};
		ECCEACCB62E6FFA96D0EBA9B /* Pods */ = {
			isa = PBXGroup;
			children = (
				3D1BD50C1D0E046AF3B00111 /* Pods-Lawsuit.debug.xcconfig */,
				29C4BB8A79464189CC717EB2 /* Pods-Lawsuit.release.xcconfig */,
			);
			name = Pods;
			sourceTree = "<group>";
		};
/* End PBXGroup section */

/* Begin PBXNativeTarget section */
		84FC96041FC55B3D00DEBDA2 /* Lawsuit */ = {
			isa = PBXNativeTarget;
			buildConfigurationList = 84FC96311FC55B3D00DEBDA2 /* Build configuration list for PBXNativeTarget "Lawsuit" */;
			buildPhases = (
				3CC4E40A7858BD35E4F509DE /* [CP] Check Pods Manifest.lock */,
				84FC96011FC55B3D00DEBDA2 /* Sources */,
				84FC96021FC55B3D00DEBDA2 /* Frameworks */,
				84FC96031FC55B3D00DEBDA2 /* Resources */,
				B764E86F6DDCB549F89C7C7F /* [CP] Embed Pods Frameworks */,
				C33F211352A4F037C6012778 /* [CP] Copy Pods Resources */,
			);
			buildRules = (
			);
			dependencies = (
			);
			name = Lawsuit;
			productName = Lawsuit;
			productReference = 84FC96051FC55B3D00DEBDA2 /* Lawsuit.app */;
			productType = "com.apple.product-type.application";
		};
		84FC961C1FC55B3D00DEBDA2 /* LawsuitTests */ = {
			isa = PBXNativeTarget;
			buildConfigurationList = 84FC96341FC55B3D00DEBDA2 /* Build configuration list for PBXNativeTarget "LawsuitTests" */;
			buildPhases = (
				84FC96191FC55B3D00DEBDA2 /* Sources */,
				84FC961A1FC55B3D00DEBDA2 /* Frameworks */,
				84FC961B1FC55B3D00DEBDA2 /* Resources */,
			);
			buildRules = (
			);
			dependencies = (
				84FC961F1FC55B3D00DEBDA2 /* PBXTargetDependency */,
			);
			name = LawsuitTests;
			productName = LawsuitTests;
			productReference = 84FC961D1FC55B3D00DEBDA2 /* LawsuitTests.xctest */;
			productType = "com.apple.product-type.bundle.unit-test";
		};
		84FC96271FC55B3D00DEBDA2 /* LawsuitUITests */ = {
			isa = PBXNativeTarget;
			buildConfigurationList = 84FC96371FC55B3D00DEBDA2 /* Build configuration list for PBXNativeTarget "LawsuitUITests" */;
			buildPhases = (
				84FC96241FC55B3D00DEBDA2 /* Sources */,
				84FC96251FC55B3D00DEBDA2 /* Frameworks */,
				84FC96261FC55B3D00DEBDA2 /* Resources */,
			);
			buildRules = (
			);
			dependencies = (
				84FC962A1FC55B3D00DEBDA2 /* PBXTargetDependency */,
			);
			name = LawsuitUITests;
			productName = LawsuitUITests;
			productReference = 84FC96281FC55B3D00DEBDA2 /* LawsuitUITests.xctest */;
			productType = "com.apple.product-type.bundle.ui-testing";
		};
/* End PBXNativeTarget section */

/* Begin PBXProject section */
		84FC95FD1FC55B3D00DEBDA2 /* Project object */ = {
			isa = PBXProject;
			attributes = {
				LastUpgradeCheck = 0910;
				ORGANIZATIONNAME = xiadalu;
				TargetAttributes = {
					84FC96041FC55B3D00DEBDA2 = {
						CreatedOnToolsVersion = 9.1;
						ProvisioningStyle = Automatic;
					};
					84FC961C1FC55B3D00DEBDA2 = {
						CreatedOnToolsVersion = 9.1;
						ProvisioningStyle = Automatic;
						TestTargetID = 84FC96041FC55B3D00DEBDA2;
					};
					84FC96271FC55B3D00DEBDA2 = {
						CreatedOnToolsVersion = 9.1;
						ProvisioningStyle = Automatic;
						TestTargetID = 84FC96041FC55B3D00DEBDA2;
					};
				};
			};
			buildConfigurationList = 84FC96001FC55B3D00DEBDA2 /* Build configuration list for PBXProject "Lawsuit" */;
			compatibilityVersion = "Xcode 8.0";
			developmentRegion = en;
			hasScannedForEncodings = 0;
			knownRegions = (
				en,
				Base,
			);
			mainGroup = 84FC95FC1FC55B3D00DEBDA2;
			productRefGroup = 84FC96061FC55B3D00DEBDA2 /* Products */;
			projectDirPath = "";
			projectRoot = "";
			targets = (
				84FC96041FC55B3D00DEBDA2 /* Lawsuit */,
				84FC961C1FC55B3D00DEBDA2 /* LawsuitTests */,
				84FC96271FC55B3D00DEBDA2 /* LawsuitUITests */,
			);
		};
/* End PBXProject section */

/* Begin PBXResourcesBuildPhase section */
		84FC96031FC55B3D00DEBDA2 /* Resources */ = {
			isa = PBXResourcesBuildPhase;
			buildActionMask = 2147483647;
			files = (
				840BFD981FC6AE0F00F51468 /* Info.plist in Resources */,
				840BFEA31FC6D73C00F51468 /* LeftList.plist in Resources */,
				84FC96151FC55B3D00DEBDA2 /* LaunchScreen.storyboard in Resources */,
				84FC96121FC55B3D00DEBDA2 /* Assets.xcassets in Resources */,
				84FC96101FC55B3D00DEBDA2 /* Main.storyboard in Resources */,
			);
			runOnlyForDeploymentPostprocessing = 0;
		};
		84FC961B1FC55B3D00DEBDA2 /* Resources */ = {
			isa = PBXResourcesBuildPhase;
			buildActionMask = 2147483647;
			files = (
			);
			runOnlyForDeploymentPostprocessing = 0;
		};
		84FC96261FC55B3D00DEBDA2 /* Resources */ = {
			isa = PBXResourcesBuildPhase;
			buildActionMask = 2147483647;
			files = (
			);
			runOnlyForDeploymentPostprocessing = 0;
		};
/* End PBXResourcesBuildPhase section */

/* Begin PBXShellScriptBuildPhase section */
		3CC4E40A7858BD35E4F509DE /* [CP] Check Pods Manifest.lock */ = {
			isa = PBXShellScriptBuildPhase;
			buildActionMask = 2147483647;
			files = (
			);
			inputPaths = (
				"${PODS_PODFILE_DIR_PATH}/Podfile.lock",
				"${PODS_ROOT}/Manifest.lock",
			);
			name = "[CP] Check Pods Manifest.lock";
			outputPaths = (
				"$(DERIVED_FILE_DIR)/Pods-Lawsuit-checkManifestLockResult.txt",
			);
			runOnlyForDeploymentPostprocessing = 0;
			shellPath = /bin/sh;
			shellScript = "diff \"${PODS_PODFILE_DIR_PATH}/Podfile.lock\" \"${PODS_ROOT}/Manifest.lock\" > /dev/null\nif [ $? != 0 ] ; then\n    # print error to STDERR\n    echo \"error: The sandbox is not in sync with the Podfile.lock. Run 'pod install' or update your CocoaPods installation.\" >&2\n    exit 1\nfi\n# This output is used by Xcode 'outputs' to avoid re-running this script phase.\necho \"SUCCESS\" > \"${SCRIPT_OUTPUT_FILE_0}\"\n";
			showEnvVarsInLog = 0;
		};
		B764E86F6DDCB549F89C7C7F /* [CP] Embed Pods Frameworks */ = {
			isa = PBXShellScriptBuildPhase;
			buildActionMask = 2147483647;
			files = (
			);
			inputPaths = (
			);
			name = "[CP] Embed Pods Frameworks";
			outputPaths = (
			);
			runOnlyForDeploymentPostprocessing = 0;
			shellPath = /bin/sh;
			shellScript = "\"${SRCROOT}/Pods/Target Support Files/Pods-Lawsuit/Pods-Lawsuit-frameworks.sh\"\n";
			showEnvVarsInLog = 0;
		};
		C33F211352A4F037C6012778 /* [CP] Copy Pods Resources */ = {
			isa = PBXShellScriptBuildPhase;
			buildActionMask = 2147483647;
			files = (
			);
			inputPaths = (
				"${SRCROOT}/Pods/Target Support Files/Pods-Lawsuit/Pods-Lawsuit-resources.sh",
				"${PODS_ROOT}/SVProgressHUD/SVProgressHUD/SVProgressHUD.bundle",
			);
			name = "[CP] Copy Pods Resources";
			outputPaths = (
				"${TARGET_BUILD_DIR}/${UNLOCALIZED_RESOURCES_FOLDER_PATH}",
			);
			runOnlyForDeploymentPostprocessing = 0;
			shellPath = /bin/sh;
			shellScript = "\"${SRCROOT}/Pods/Target Support Files/Pods-Lawsuit/Pods-Lawsuit-resources.sh\"\n";
			showEnvVarsInLog = 0;
		};
/* End PBXShellScriptBuildPhase section */

/* Begin PBXSourcesBuildPhase section */
		84FC96011FC55B3D00DEBDA2 /* Sources */ = {
			isa = PBXSourcesBuildPhase;
			buildActionMask = 2147483647;
			files = (
				840E90131FCC193D00AFA482 /* SGPageTitleView.m in Sources */,
				8405C0AF1FCBBCC5002E5F2C /* UIButton+CenterImageAndTitle.m in Sources */,
				840E90121FCC193D00AFA482 /* SGPageContentView.m in Sources */,
				8405C0BA1FCBC645002E5F2C /* ListCaseCell.m in Sources */,
				840BFE9D1FC6CD1B00F51468 /* LeftSlideViewController.m in Sources */,
				84FC96181FC55B3D00DEBDA2 /* main.m in Sources */,
				840E901D1FCC20E400AFA482 /* BaseSubCaseController.m in Sources */,
				840BFE811FC6B75D00F51468 /* UIScreen+CZAddition.m in Sources */,
				840BFE7F1FC6B75D00F51468 /* UIColor+CZAddition.m in Sources */,
				8405C0B41FCBC207002E5F2C /* MainController.m in Sources */,
				840E90111FCC193D00AFA482 /* SGPageContentScrollView.m in Sources */,
				84FC960A1FC55B3D00DEBDA2 /* AppDelegate.m in Sources */,
				840BFDAA1FC6B46A00F51468 /* MyNav.m in Sources */,
				840BFEAB1FC6DB2800F51468 /* SectionHeader.m in Sources */,
				840E90201FCC211100AFA482 /* BaseSubCaseCell.m in Sources */,
				8405C0BE1FCBDC89002E5F2C /* ListCaseModel.m in Sources */,
				840BFE8F1FC6C90E00F51468 /* BaseController.m in Sources */,
				8405C0C11FCBE1CB002E5F2C /* MyMediationController.m in Sources */,
				840BFEA01FC6CE5700F51468 /* MyNavigationController.m in Sources */,
				840E90101FCC193D00AFA482 /* UIView+SGFrame.m in Sources */,
				840BFDA61FC6B18A00F51468 /* NSObject+DLSVP.m in Sources */,
				840BFE9C1FC6CD1B00F51468 /* UIView_extra.m in Sources */,
				840BFE801FC6B75D00F51468 /* UIView+CZAddition.m in Sources */,
				840BFEA81FC6DAE200F51468 /* LeftController.m in Sources */,
				8405C0C41FCBF5E7002E5F2C /* MyCaseController.m in Sources */,
				840BFE871FC6B75D00F51468 /* UIViewController+CZAddition.m in Sources */,
				840E90141FCC193D00AFA482 /* SGPageTitleViewConfigure.m in Sources */,
				8405C0B71FCBC256002E5F2C /* NotHaveCase.m in Sources */,
			);
			runOnlyForDeploymentPostprocessing = 0;
		};
		84FC96191FC55B3D00DEBDA2 /* Sources */ = {
			isa = PBXSourcesBuildPhase;
			buildActionMask = 2147483647;
			files = (
				84FC96221FC55B3D00DEBDA2 /* LawsuitTests.m in Sources */,
			);
			runOnlyForDeploymentPostprocessing = 0;
		};
		84FC96241FC55B3D00DEBDA2 /* Sources */ = {
			isa = PBXSourcesBuildPhase;
			buildActionMask = 2147483647;
			files = (
				84FC962D1FC55B3D00DEBDA2 /* LawsuitUITests.m in Sources */,
			);
			runOnlyForDeploymentPostprocessing = 0;
		};
/* End PBXSourcesBuildPhase section */

/* Begin PBXTargetDependency section */
		84FC961F1FC55B3D00DEBDA2 /* PBXTargetDependency */ = {
			isa = PBXTargetDependency;
			target = 84FC96041FC55B3D00DEBDA2 /* Lawsuit */;
			targetProxy = 84FC961E1FC55B3D00DEBDA2 /* PBXContainerItemProxy */;
		};
		84FC962A1FC55B3D00DEBDA2 /* PBXTargetDependency */ = {
			isa = PBXTargetDependency;
			target = 84FC96041FC55B3D00DEBDA2 /* Lawsuit */;
			targetProxy = 84FC96291FC55B3D00DEBDA2 /* PBXContainerItemProxy */;
		};
/* End PBXTargetDependency section */

/* Begin PBXVariantGroup section */
		84FC960E1FC55B3D00DEBDA2 /* Main.storyboard */ = {
			isa = PBXVariantGroup;
			children = (
				84FC960F1FC55B3D00DEBDA2 /* Base */,
			);
			name = Main.storyboard;
			sourceTree = "<group>";
		};
		84FC96131FC55B3D00DEBDA2 /* LaunchScreen.storyboard */ = {
			isa = PBXVariantGroup;
			children = (
				84FC96141FC55B3D00DEBDA2 /* Base */,
			);
			name = LaunchScreen.storyboard;
			sourceTree = "<group>";
		};
/* End PBXVariantGroup section */

/* Begin XCBuildConfiguration section */
		84FC962F1FC55B3D00DEBDA2 /* Debug */ = {
			isa = XCBuildConfiguration;
			buildSettings = {
				ALWAYS_SEARCH_USER_PATHS = NO;
				CLANG_ANALYZER_NONNULL = YES;
				CLANG_ANALYZER_NUMBER_OBJECT_CONVERSION = YES_AGGRESSIVE;
				CLANG_CXX_LANGUAGE_STANDARD = "gnu++14";
				CLANG_CXX_LIBRARY = "libc++";
				CLANG_ENABLE_MODULES = YES;
				CLANG_ENABLE_OBJC_ARC = YES;
				CLANG_WARN_BLOCK_CAPTURE_AUTORELEASING = YES;
				CLANG_WARN_BOOL_CONVERSION = YES;
				CLANG_WARN_COMMA = YES;
				CLANG_WARN_CONSTANT_CONVERSION = YES;
				CLANG_WARN_DIRECT_OBJC_ISA_USAGE = YES_ERROR;
				CLANG_WARN_DOCUMENTATION_COMMENTS = YES;
				CLANG_WARN_EMPTY_BODY = YES;
				CLANG_WARN_ENUM_CONVERSION = YES;
				CLANG_WARN_INFINITE_RECURSION = YES;
				CLANG_WARN_INT_CONVERSION = YES;
				CLANG_WARN_NON_LITERAL_NULL_CONVERSION = YES;
				CLANG_WARN_OBJC_LITERAL_CONVERSION = YES;
				CLANG_WARN_OBJC_ROOT_CLASS = YES_ERROR;
				CLANG_WARN_RANGE_LOOP_ANALYSIS = YES;
				CLANG_WARN_STRICT_PROTOTYPES = YES;
				CLANG_WARN_SUSPICIOUS_MOVE = YES;
				CLANG_WARN_UNGUARDED_AVAILABILITY = YES_AGGRESSIVE;
				CLANG_WARN_UNREACHABLE_CODE = YES;
				CLANG_WARN__DUPLICATE_METHOD_MATCH = YES;
				CODE_SIGN_IDENTITY = "iPhone Developer";
				COPY_PHASE_STRIP = NO;
				DEBUG_INFORMATION_FORMAT = dwarf;
				ENABLE_STRICT_OBJC_MSGSEND = YES;
				ENABLE_TESTABILITY = YES;
				GCC_C_LANGUAGE_STANDARD = gnu11;
				GCC_DYNAMIC_NO_PIC = NO;
				GCC_NO_COMMON_BLOCKS = YES;
				GCC_OPTIMIZATION_LEVEL = 0;
				GCC_PREPROCESSOR_DEFINITIONS = (
					"DEBUG=1",
					"$(inherited)",
				);
				GCC_WARN_64_TO_32_BIT_CONVERSION = YES;
				GCC_WARN_ABOUT_RETURN_TYPE = YES_ERROR;
				GCC_WARN_UNDECLARED_SELECTOR = YES;
				GCC_WARN_UNINITIALIZED_AUTOS = YES_AGGRESSIVE;
				GCC_WARN_UNUSED_FUNCTION = YES;
				GCC_WARN_UNUSED_VARIABLE = YES;
				IPHONEOS_DEPLOYMENT_TARGET = 11.1;
				MTL_ENABLE_DEBUG_INFO = YES;
				ONLY_ACTIVE_ARCH = YES;
				SDKROOT = iphoneos;
			};
			name = Debug;
		};
		84FC96301FC55B3D00DEBDA2 /* Release */ = {
			isa = XCBuildConfiguration;
			buildSettings = {
				ALWAYS_SEARCH_USER_PATHS = NO;
				CLANG_ANALYZER_NONNULL = YES;
				CLANG_ANALYZER_NUMBER_OBJECT_CONVERSION = YES_AGGRESSIVE;
				CLANG_CXX_LANGUAGE_STANDARD = "gnu++14";
				CLANG_CXX_LIBRARY = "libc++";
				CLANG_ENABLE_MODULES = YES;
				CLANG_ENABLE_OBJC_ARC = YES;
				CLANG_WARN_BLOCK_CAPTURE_AUTORELEASING = YES;
				CLANG_WARN_BOOL_CONVERSION = YES;
				CLANG_WARN_COMMA = YES;
				CLANG_WARN_CONSTANT_CONVERSION = YES;
				CLANG_WARN_DIRECT_OBJC_ISA_USAGE = YES_ERROR;
				CLANG_WARN_DOCUMENTATION_COMMENTS = YES;
				CLANG_WARN_EMPTY_BODY = YES;
				CLANG_WARN_ENUM_CONVERSION = YES;
				CLANG_WARN_INFINITE_RECURSION = YES;
				CLANG_WARN_INT_CONVERSION = YES;
				CLANG_WARN_NON_LITERAL_NULL_CONVERSION = YES;
				CLANG_WARN_OBJC_LITERAL_CONVERSION = YES;
				CLANG_WARN_OBJC_ROOT_CLASS = YES_ERROR;
				CLANG_WARN_RANGE_LOOP_ANALYSIS = YES;
				CLANG_WARN_STRICT_PROTOTYPES = YES;
				CLANG_WARN_SUSPICIOUS_MOVE = YES;
				CLANG_WARN_UNGUARDED_AVAILABILITY = YES_AGGRESSIVE;
				CLANG_WARN_UNREACHABLE_CODE = YES;
				CLANG_WARN__DUPLICATE_METHOD_MATCH = YES;
				CODE_SIGN_IDENTITY = "iPhone Developer";
				COPY_PHASE_STRIP = NO;
				DEBUG_INFORMATION_FORMAT = "dwarf-with-dsym";
				ENABLE_NS_ASSERTIONS = NO;
				ENABLE_STRICT_OBJC_MSGSEND = YES;
				GCC_C_LANGUAGE_STANDARD = gnu11;
				GCC_NO_COMMON_BLOCKS = YES;
				GCC_WARN_64_TO_32_BIT_CONVERSION = YES;
				GCC_WARN_ABOUT_RETURN_TYPE = YES_ERROR;
				GCC_WARN_UNDECLARED_SELECTOR = YES;
				GCC_WARN_UNINITIALIZED_AUTOS = YES_AGGRESSIVE;
				GCC_WARN_UNUSED_FUNCTION = YES;
				GCC_WARN_UNUSED_VARIABLE = YES;
				IPHONEOS_DEPLOYMENT_TARGET = 11.1;
				MTL_ENABLE_DEBUG_INFO = NO;
				SDKROOT = iphoneos;
				VALIDATE_PRODUCT = YES;
			};
			name = Release;
		};
		84FC96321FC55B3D00DEBDA2 /* Debug */ = {
			isa = XCBuildConfiguration;
			baseConfigurationReference = 3D1BD50C1D0E046AF3B00111 /* Pods-Lawsuit.debug.xcconfig */;
			buildSettings = {
				ASSETCATALOG_COMPILER_APPICON_NAME = AppIcon;
				CODE_SIGN_STYLE = Automatic;
				DEFINES_MODULE = YES;
				DEVELOPMENT_TEAM = BDHXRNVFRZ;
				GCC_PREFIX_HEADER = "$(SRCROOT)/Lawsuit/Resource/Lawsuit.pch";
				INFOPLIST_FILE = Lawsuit/Resource/Info.plist;
				LD_RUNPATH_SEARCH_PATHS = "$(inherited) @executable_path/Frameworks";
				PRODUCT_BUNDLE_IDENTIFIER = Xiadalu.Lawsuit;
				PRODUCT_NAME = "$(TARGET_NAME)";
				SWIFT_VERSION = 4.0;
				TARGETED_DEVICE_FAMILY = "1,2";
			};
			name = Debug;
		};
		84FC96331FC55B3D00DEBDA2 /* Release */ = {
			isa = XCBuildConfiguration;
			baseConfigurationReference = 29C4BB8A79464189CC717EB2 /* Pods-Lawsuit.release.xcconfig */;
			buildSettings = {
				ASSETCATALOG_COMPILER_APPICON_NAME = AppIcon;
				CODE_SIGN_STYLE = Automatic;
				DEFINES_MODULE = YES;
				DEVELOPMENT_TEAM = BDHXRNVFRZ;
				GCC_PREFIX_HEADER = "$(SRCROOT)/Lawsuit/Resource/Lawsuit.pch";
				INFOPLIST_FILE = Lawsuit/Resource/Info.plist;
				LD_RUNPATH_SEARCH_PATHS = "$(inherited) @executable_path/Frameworks";
				PRODUCT_BUNDLE_IDENTIFIER = Xiadalu.Lawsuit;
				PRODUCT_NAME = "$(TARGET_NAME)";
				SWIFT_VERSION = 4.0;
				TARGETED_DEVICE_FAMILY = "1,2";
			};
			name = Release;
		};
		84FC96351FC55B3D00DEBDA2 /* Debug */ = {
			isa = XCBuildConfiguration;
			buildSettings = {
				BUNDLE_LOADER = "$(TEST_HOST)";
				CODE_SIGN_STYLE = Automatic;
				DEVELOPMENT_TEAM = BDHXRNVFRZ;
				INFOPLIST_FILE = LawsuitTests/Info.plist;
				LD_RUNPATH_SEARCH_PATHS = "$(inherited) @executable_path/Frameworks @loader_path/Frameworks";
				PRODUCT_BUNDLE_IDENTIFIER = Xiadalu.LawsuitTests;
				PRODUCT_NAME = "$(TARGET_NAME)";
				TARGETED_DEVICE_FAMILY = "1,2";
				TEST_HOST = "$(BUILT_PRODUCTS_DIR)/Lawsuit.app/Lawsuit";
			};
			name = Debug;
		};
		84FC96361FC55B3D00DEBDA2 /* Release */ = {
			isa = XCBuildConfiguration;
			buildSettings = {
				BUNDLE_LOADER = "$(TEST_HOST)";
				CODE_SIGN_STYLE = Automatic;
				DEVELOPMENT_TEAM = BDHXRNVFRZ;
				INFOPLIST_FILE = LawsuitTests/Info.plist;
				LD_RUNPATH_SEARCH_PATHS = "$(inherited) @executable_path/Frameworks @loader_path/Frameworks";
				PRODUCT_BUNDLE_IDENTIFIER = Xiadalu.LawsuitTests;
				PRODUCT_NAME = "$(TARGET_NAME)";
				TARGETED_DEVICE_FAMILY = "1,2";
				TEST_HOST = "$(BUILT_PRODUCTS_DIR)/Lawsuit.app/Lawsuit";
			};
			name = Release;
		};
		84FC96381FC55B3D00DEBDA2 /* Debug */ = {
			isa = XCBuildConfiguration;
			buildSettings = {
				CODE_SIGN_STYLE = Automatic;
				DEVELOPMENT_TEAM = BDHXRNVFRZ;
				INFOPLIST_FILE = LawsuitUITests/Info.plist;
				LD_RUNPATH_SEARCH_PATHS = "$(inherited) @executable_path/Frameworks @loader_path/Frameworks";
				PRODUCT_BUNDLE_IDENTIFIER = Xiadalu.LawsuitUITests;
				PRODUCT_NAME = "$(TARGET_NAME)";
				TARGETED_DEVICE_FAMILY = "1,2";
				TEST_TARGET_NAME = Lawsuit;
			};
			name = Debug;
		};
		84FC96391FC55B3D00DEBDA2 /* Release */ = {
			isa = XCBuildConfiguration;
			buildSettings = {
				CODE_SIGN_STYLE = Automatic;
				DEVELOPMENT_TEAM = BDHXRNVFRZ;
				INFOPLIST_FILE = LawsuitUITests/Info.plist;
				LD_RUNPATH_SEARCH_PATHS = "$(inherited) @executable_path/Frameworks @loader_path/Frameworks";
				PRODUCT_BUNDLE_IDENTIFIER = Xiadalu.LawsuitUITests;
				PRODUCT_NAME = "$(TARGET_NAME)";
				TARGETED_DEVICE_FAMILY = "1,2";
				TEST_TARGET_NAME = Lawsuit;
			};
			name = Release;
		};
/* End XCBuildConfiguration section */

/* Begin XCConfigurationList section */
		84FC96001FC55B3D00DEBDA2 /* Build configuration list for PBXProject "Lawsuit" */ = {
			isa = XCConfigurationList;
			buildConfigurations = (
				84FC962F1FC55B3D00DEBDA2 /* Debug */,
				84FC96301FC55B3D00DEBDA2 /* Release */,
			);
			defaultConfigurationIsVisible = 0;
			defaultConfigurationName = Release;
		};
		84FC96311FC55B3D00DEBDA2 /* Build configuration list for PBXNativeTarget "Lawsuit" */ = {
			isa = XCConfigurationList;
			buildConfigurations = (
				84FC96321FC55B3D00DEBDA2 /* Debug */,
				84FC96331FC55B3D00DEBDA2 /* Release */,
			);
			defaultConfigurationIsVisible = 0;
			defaultConfigurationName = Release;
		};
		84FC96341FC55B3D00DEBDA2 /* Build configuration list for PBXNativeTarget "LawsuitTests" */ = {
			isa = XCConfigurationList;
			buildConfigurations = (
				84FC96351FC55B3D00DEBDA2 /* Debug */,
				84FC96361FC55B3D00DEBDA2 /* Release */,
			);
			defaultConfigurationIsVisible = 0;
			defaultConfigurationName = Release;
		};
		84FC96371FC55B3D00DEBDA2 /* Build configuration list for PBXNativeTarget "LawsuitUITests" */ = {
			isa = XCConfigurationList;
			buildConfigurations = (
				84FC96381FC55B3D00DEBDA2 /* Debug */,
				84FC96391FC55B3D00DEBDA2 /* Release */,
			);
			defaultConfigurationIsVisible = 0;
			defaultConfigurationName = Release;
		};
/* End XCConfigurationList section */
	};
	rootObject = 84FC95FD1FC55B3D00DEBDA2 /* Project object */;
}
